
Microsoft Visual Studio Solution File, Format Version 12.00
# Visual Studio Version 16
VisualStudioVersion = 16.0.32510.428
MinimumVisualStudioVersion = 10.0.40219.1
Project("{FAE04EC0-301F-11D3-BF4B-00C04F79EFBC}") = "Parser-Lesegais-ru", "Parser-Lesegais-ru\Parser-Lesegais-ru.csproj", "{839AA904-85CB-4F36-993D-71071A51B044}"
EndProject
Global
	GlobalSection(SolutionConfigurationPlatforms) = preSolution
		Debug|Any CPU = Debug|Any CPU
		Release|Any CPU = Release|Any CPU
	EndGlobalSection
	GlobalSection(ProjectConfigurationPlatforms) = postSolution
		{839AA904-85CB-4F36-993D-71071A51B044}.Debug|Any CPU.ActiveCfg = Debug|Any CPU
		{839AA904-85CB-4F36-993D-71071A51B044}.Debug|Any CPU.Build.0 = Debug|Any CPU
		{839AA904-85CB-4F36-993D-71071A51B044}.Release|Any CPU.ActiveCfg = Release|Any CPU
		{839AA904-85CB-4F36-993D-71071A51B044}.Release|Any CPU.Build.0 = Release|Any CPU
	EndGlobalSection
	GlobalSection(SolutionProperties) = preSolution
		HideSolutionNode = FALSE
	EndGlobalSection
	GlobalSection(ExtensibilityGlobals) = postSolution
		SolutionGuid = {580D8396-10DB-496E-9352-2264E5E2E467}
	EndGlobalSection
EndGlobal
